
Microsoft Visual Studio Solution File, Format Version 12.00
# Visual Studio 15
VisualStudioVersion = 15.0.28307.1340
MinimumVisualStudioVersion = 10.0.40219.1
Project("{FAE04EC0-301F-11D3-BF4B-00C04F79EFBC}") = "AssetManagement", "AssetManagement\AssetManagement.csproj", "{BF788219-2A1F-4CAE-A1F0-2879DB6404FB}"
EndProject
Project("{FAE04EC0-301F-11D3-BF4B-00C04F79EFBC}") = "Utilities", "Utilities\Utilities.csproj", "{781D1C5A-4800-4A8F-B99C-EE9C76328F4C}"
EndProject
Project("{FAE04EC0-301F-11D3-BF4B-00C04F79EFBC}") = "Functions", "Functions\Functions.csproj", "{A4BBFB7B-7730-45FC-A5DA-D4FF78E990F4}"
EndProject
Global
	GlobalSection(SolutionConfigurationPlatforms) = preSolution
		Debug|Any CPU = Debug|Any CPU
		Release|Any CPU = Release|Any CPU
	EndGlobalSection
	GlobalSection(ProjectConfigurationPlatforms) = postSolution
		{BF788219-2A1F-4CAE-A1F0-2879DB6404FB}.Debug|Any CPU.ActiveCfg = Debug|Any CPU
		{BF788219-2A1F-4CAE-A1F0-2879DB6404FB}.Debug|Any CPU.Build.0 = Debug|Any CPU
		{BF788219-2A1F-4CAE-A1F0-2879DB6404FB}.Release|Any CPU.ActiveCfg = Release|Any CPU
		{BF788219-2A1F-4CAE-A1F0-2879DB6404FB}.Release|Any CPU.Build.0 = Release|Any CPU
		{781D1C5A-4800-4A8F-B99C-EE9C76328F4C}.Debug|Any CPU.ActiveCfg = Debug|Any CPU
		{781D1C5A-4800-4A8F-B99C-EE9C76328F4C}.Debug|Any CPU.Build.0 = Debug|Any CPU
		{781D1C5A-4800-4A8F-B99C-EE9C76328F4C}.Release|Any CPU.ActiveCfg = Release|Any CPU
		{781D1C5A-4800-4A8F-B99C-EE9C76328F4C}.Release|Any CPU.Build.0 = Release|Any CPU
		{A4BBFB7B-7730-45FC-A5DA-D4FF78E990F4}.Debug|Any CPU.ActiveCfg = Debug|Any CPU
		{A4BBFB7B-7730-45FC-A5DA-D4FF78E990F4}.Debug|Any CPU.Build.0 = Debug|Any CPU
		{A4BBFB7B-7730-45FC-A5DA-D4FF78E990F4}.Release|Any CPU.ActiveCfg = Release|Any CPU
		{A4BBFB7B-7730-45FC-A5DA-D4FF78E990F4}.Release|Any CPU.Build.0 = Release|Any CPU
	EndGlobalSection
	GlobalSection(SolutionProperties) = preSolution
		HideSolutionNode = FALSE
	EndGlobalSection
	GlobalSection(ExtensibilityGlobals) = postSolution
		SolutionGuid = {C0C9C909-F3A4-4145-88F8-9CF56F302A31}
	EndGlobalSection
EndGlobal
